// !$*UTF8*$!
{
	archiveVersion = 1;
	classes = {
	};
	objectVersion = 50;
	objects = {

/* Begin PBXBuildFile section */
		01146412D39F45F4F9F2BCF7 /* Pods_My_ProjectTests.framework in Frameworks */ = {isa = PBXBuildFile; fileRef = 248FF516D21D8E4B2B2B6DE8 /* Pods_My_ProjectTests.framework */; };
		9151AA15BA1F7B33B0AF86B1 /* Pods_My_ProjectUITests.framework in Frameworks */ = {isa = PBXBuildFile; fileRef = 568395C7EF29F42A84283B5E /* Pods_My_ProjectUITests.framework */; };
		E4B53DE920F9014900AAD4FA /* AppDelegate.swift in Sources */ = {isa = PBXBuildFile; fileRef = E4B53DE820F9014900AAD4FA /* AppDelegate.swift */; };
		E4B53DEB20F9014900AAD4FA /* ViewController.swift in Sources */ = {isa = PBXBuildFile; fileRef = E4B53DEA20F9014900AAD4FA /* ViewController.swift */; };
		E4B53DEE20F9014900AAD4FA /* Main.storyboard in Resources */ = {isa = PBXBuildFile; fileRef = E4B53DEC20F9014900AAD4FA /* Main.storyboard */; };
		E4B53DF020F9015200AAD4FA /* Assets.xcassets in Resources */ = {isa = PBXBuildFile; fileRef = E4B53DEF20F9015200AAD4FA /* Assets.xcassets */; };
		E4B53DF320F9015200AAD4FA /* LaunchScreen.storyboard in Resources */ = {isa = PBXBuildFile; fileRef = E4B53DF120F9015200AAD4FA /* LaunchScreen.storyboard */; };
		E4B53DFE20F9015200AAD4FA /* My_ProjectTests.swift in Sources */ = {isa = PBXBuildFile; fileRef = E4B53DFD20F9015200AAD4FA /* My_ProjectTests.swift */; };
		E4B53E0920F9015200AAD4FA /* My_ProjectUITests.swift in Sources */ = {isa = PBXBuildFile; fileRef = E4B53E0820F9015200AAD4FA /* My_ProjectUITests.swift */; };
		E4B53E1820F9059600AAD4FA /* Extensions.swift in Sources */ = {isa = PBXBuildFile; fileRef = E4B53E1720F9059600AAD4FA /* Extensions.swift */; };
		E4B53E1B20F905B800AAD4FA /* FireService.swift in Sources */ = {isa = PBXBuildFile; fileRef = E4B53E1A20F905B800AAD4FA /* FireService.swift */; };
		E4B53E1D20F905D400AAD4FA /* FireCollectionReference.swift in Sources */ = {isa = PBXBuildFile; fileRef = E4B53E1C20F905D400AAD4FA /* FireCollectionReference.swift */; };
		E4B53E1F20F90DC600AAD4FA /* User.swift in Sources */ = {isa = PBXBuildFile; fileRef = E4B53E1E20F90DC600AAD4FA /* User.swift */; };
		E4B53E2520FA9F0400AAD4FA /* GoogleService-Info.plist in Resources */ = {isa = PBXBuildFile; fileRef = E4B53E2420FA9F0400AAD4FA /* GoogleService-Info.plist */; };
		E4B53E2720FAA3FA00AAD4FA /* MainTabBarController.swift in Sources */ = {isa = PBXBuildFile; fileRef = E4B53E2620FAA3F900AAD4FA /* MainTabBarController.swift */; };
		E4F01C5920FAAE2500A087D9 /* UserProfileController.swift in Sources */ = {isa = PBXBuildFile; fileRef = E4F01C5820FAAE2400A087D9 /* UserProfileController.swift */; };
		F2ACD96EF1478B0A1D4F2B1B /* Pods_My_Project.framework in Frameworks */ = {isa = PBXBuildFile; fileRef = 05724FF2CAEC8CFA055BAD5B /* Pods_My_Project.framework */; };
/* End PBXBuildFile section */

/* Begin PBXContainerItemProxy section */
		E4B53DFA20F9015200AAD4FA /* PBXContainerItemProxy */ = {
			isa = PBXContainerItemProxy;
			containerPortal = E4B53DDD20F9014900AAD4FA /* Project object */;
			proxyType = 1;
			remoteGlobalIDString = E4B53DE420F9014900AAD4FA;
			remoteInfo = "My Project";
		};
		E4B53E0520F9015200AAD4FA /* PBXContainerItemProxy */ = {
			isa = PBXContainerItemProxy;
			containerPortal = E4B53DDD20F9014900AAD4FA /* Project object */;
			proxyType = 1;
			remoteGlobalIDString = E4B53DE420F9014900AAD4FA;
			remoteInfo = "My Project";
		};
/* End PBXContainerItemProxy section */

/* Begin PBXFileReference section */
		05724FF2CAEC8CFA055BAD5B /* Pods_My_Project.framework */ = {isa = PBXFileReference; explicitFileType = wrapper.framework; includeInIndex = 0; path = Pods_My_Project.framework; sourceTree = BUILT_PRODUCTS_DIR; };
		248FF516D21D8E4B2B2B6DE8 /* Pods_My_ProjectTests.framework */ = {isa = PBXFileReference; explicitFileType = wrapper.framework; includeInIndex = 0; path = Pods_My_ProjectTests.framework; sourceTree = BUILT_PRODUCTS_DIR; };
		30B844280C41D96BC40AFE77 /* Pods-My ProjectUITests.debug.xcconfig */ = {isa = PBXFileReference; includeInIndex = 1; lastKnownFileType = text.xcconfig; name = "Pods-My ProjectUITests.debug.xcconfig"; path = "Pods/Target Support Files/Pods-My ProjectUITests/Pods-My ProjectUITests.debug.xcconfig"; sourceTree = "<group>"; };
		568395C7EF29F42A84283B5E /* Pods_My_ProjectUITests.framework */ = {isa = PBXFileReference; explicitFileType = wrapper.framework; includeInIndex = 0; path = Pods_My_ProjectUITests.framework; sourceTree = BUILT_PRODUCTS_DIR; };
		62301ABD708E89E72A85A74D /* Pods-My ProjectTests.debug.xcconfig */ = {isa = PBXFileReference; includeInIndex = 1; lastKnownFileType = text.xcconfig; name = "Pods-My ProjectTests.debug.xcconfig"; path = "Pods/Target Support Files/Pods-My ProjectTests/Pods-My ProjectTests.debug.xcconfig"; sourceTree = "<group>"; };
		954E7F4AB4CDC0DBAC17D8F4 /* Pods-My Project.release.xcconfig */ = {isa = PBXFileReference; includeInIndex = 1; lastKnownFileType = text.xcconfig; name = "Pods-My Project.release.xcconfig"; path = "Pods/Target Support Files/Pods-My Project/Pods-My Project.release.xcconfig"; sourceTree = "<group>"; };
		993EDA69CF3BC1F4903E1A72 /* Pods-My ProjectUITests.release.xcconfig */ = {isa = PBXFileReference; includeInIndex = 1; lastKnownFileType = text.xcconfig; name = "Pods-My ProjectUITests.release.xcconfig"; path = "Pods/Target Support Files/Pods-My ProjectUITests/Pods-My ProjectUITests.release.xcconfig"; sourceTree = "<group>"; };
		B07F457DBB2454687AAEA557 /* Pods-My Project.debug.xcconfig */ = {isa = PBXFileReference; includeInIndex = 1; lastKnownFileType = text.xcconfig; name = "Pods-My Project.debug.xcconfig"; path = "Pods/Target Support Files/Pods-My Project/Pods-My Project.debug.xcconfig"; sourceTree = "<group>"; };
		BCDEF80DECA51F48841E4CD2 /* Pods-My ProjectTests.release.xcconfig */ = {isa = PBXFileReference; includeInIndex = 1; lastKnownFileType = text.xcconfig; name = "Pods-My ProjectTests.release.xcconfig"; path = "Pods/Target Support Files/Pods-My ProjectTests/Pods-My ProjectTests.release.xcconfig"; sourceTree = "<group>"; };
		E4B53DE520F9014900AAD4FA /* My Project.app */ = {isa = PBXFileReference; explicitFileType = wrapper.application; includeInIndex = 0; path = "My Project.app"; sourceTree = BUILT_PRODUCTS_DIR; };
		E4B53DE820F9014900AAD4FA /* AppDelegate.swift */ = {isa = PBXFileReference; lastKnownFileType = sourcecode.swift; path = AppDelegate.swift; sourceTree = "<group>"; };
		E4B53DEA20F9014900AAD4FA /* ViewController.swift */ = {isa = PBXFileReference; lastKnownFileType = sourcecode.swift; path = ViewController.swift; sourceTree = "<group>"; };
		E4B53DED20F9014900AAD4FA /* Base */ = {isa = PBXFileReference; lastKnownFileType = file.storyboard; name = Base; path = Base.lproj/Main.storyboard; sourceTree = "<group>"; };
		E4B53DEF20F9015200AAD4FA /* Assets.xcassets */ = {isa = PBXFileReference; lastKnownFileType = folder.assetcatalog; path = Assets.xcassets; sourceTree = "<group>"; };
		E4B53DF220F9015200AAD4FA /* Base */ = {isa = PBXFileReference; lastKnownFileType = file.storyboard; name = Base; path = Base.lproj/LaunchScreen.storyboard; sourceTree = "<group>"; };
		E4B53DF420F9015200AAD4FA /* Info.plist */ = {isa = PBXFileReference; lastKnownFileType = text.plist.xml; path = Info.plist; sourceTree = "<group>"; };
		E4B53DF920F9015200AAD4FA /* My ProjectTests.xctest */ = {isa = PBXFileReference; explicitFileType = wrapper.cfbundle; includeInIndex = 0; path = "My ProjectTests.xctest"; sourceTree = BUILT_PRODUCTS_DIR; };
		E4B53DFD20F9015200AAD4FA /* My_ProjectTests.swift */ = {isa = PBXFileReference; lastKnownFileType = sourcecode.swift; path = My_ProjectTests.swift; sourceTree = "<group>"; };
		E4B53DFF20F9015200AAD4FA /* Info.plist */ = {isa = PBXFileReference; lastKnownFileType = text.plist.xml; path = Info.plist; sourceTree = "<group>"; };
		E4B53E0420F9015200AAD4FA /* My ProjectUITests.xctest */ = {isa = PBXFileReference; explicitFileType = wrapper.cfbundle; includeInIndex = 0; path = "My ProjectUITests.xctest"; sourceTree = BUILT_PRODUCTS_DIR; };
		E4B53E0820F9015200AAD4FA /* My_ProjectUITests.swift */ = {isa = PBXFileReference; lastKnownFileType = sourcecode.swift; path = My_ProjectUITests.swift; sourceTree = "<group>"; };
		E4B53E0A20F9015200AAD4FA /* Info.plist */ = {isa = PBXFileReference; lastKnownFileType = text.plist.xml; path = Info.plist; sourceTree = "<group>"; };
		E4B53E1720F9059600AAD4FA /* Extensions.swift */ = {isa = PBXFileReference; lastKnownFileType = sourcecode.swift; path = Extensions.swift; sourceTree = "<group>"; };
		E4B53E1A20F905B800AAD4FA /* FireService.swift */ = {isa = PBXFileReference; lastKnownFileType = sourcecode.swift; path = FireService.swift; sourceTree = "<group>"; };
		E4B53E1C20F905D400AAD4FA /* FireCollectionReference.swift */ = {isa = PBXFileReference; lastKnownFileType = sourcecode.swift; path = FireCollectionReference.swift; sourceTree = "<group>"; };
		E4B53E1E20F90DC600AAD4FA /* User.swift */ = {isa = PBXFileReference; lastKnownFileType = sourcecode.swift; path = User.swift; sourceTree = "<group>"; };
		E4B53E2420FA9F0400AAD4FA /* GoogleService-Info.plist */ = {isa = PBXFileReference; fileEncoding = 4; lastKnownFileType = text.plist.xml; path = "GoogleService-Info.plist"; sourceTree = "<group>"; };
		E4B53E2620FAA3F900AAD4FA /* MainTabBarController.swift */ = {isa = PBXFileReference; lastKnownFileType = sourcecode.swift; path = MainTabBarController.swift; sourceTree = "<group>"; };
		E4F01C5820FAAE2400A087D9 /* UserProfileController.swift */ = {isa = PBXFileReference; lastKnownFileType = sourcecode.swift; path = UserProfileController.swift; sourceTree = "<group>"; };
/* End PBXFileReference section */

/* Begin PBXFrameworksBuildPhase section */
		E4B53DE220F9014900AAD4FA /* Frameworks */ = {
			isa = PBXFrameworksBuildPhase;
			buildActionMask = 2147483647;
			files = (
				F2ACD96EF1478B0A1D4F2B1B /* Pods_My_Project.framework in Frameworks */,
			);
			runOnlyForDeploymentPostprocessing = 0;
		};
		E4B53DF620F9015200AAD4FA /* Frameworks */ = {
			isa = PBXFrameworksBuildPhase;
			buildActionMask = 2147483647;
			files = (
				01146412D39F45F4F9F2BCF7 /* Pods_My_ProjectTests.framework in Frameworks */,
			);
			runOnlyForDeploymentPostprocessing = 0;
		};
		E4B53E0120F9015200AAD4FA /* Frameworks */ = {
			isa = PBXFrameworksBuildPhase;
			buildActionMask = 2147483647;
			files = (
				9151AA15BA1F7B33B0AF86B1 /* Pods_My_ProjectUITests.framework in Frameworks */,
			);
			runOnlyForDeploymentPostprocessing = 0;
		};
/* End PBXFrameworksBuildPhase section */

/* Begin PBXGroup section */
		94B35487433D20696E5F1219 /* Frameworks */ = {
			isa = PBXGroup;
			children = (
				05724FF2CAEC8CFA055BAD5B /* Pods_My_Project.framework */,
				248FF516D21D8E4B2B2B6DE8 /* Pods_My_ProjectTests.framework */,
				568395C7EF29F42A84283B5E /* Pods_My_ProjectUITests.framework */,
			);
			name = Frameworks;
			sourceTree = "<group>";
		};
		A060492AF754D44CF67F1162 /* Pods */ = {
			isa = PBXGroup;
			children = (
				B07F457DBB2454687AAEA557 /* Pods-My Project.debug.xcconfig */,
				954E7F4AB4CDC0DBAC17D8F4 /* Pods-My Project.release.xcconfig */,
				62301ABD708E89E72A85A74D /* Pods-My ProjectTests.debug.xcconfig */,
				BCDEF80DECA51F48841E4CD2 /* Pods-My ProjectTests.release.xcconfig */,
				30B844280C41D96BC40AFE77 /* Pods-My ProjectUITests.debug.xcconfig */,
				993EDA69CF3BC1F4903E1A72 /* Pods-My ProjectUITests.release.xcconfig */,
			);
			name = Pods;
			sourceTree = "<group>";
		};
		E4B53DDC20F9014900AAD4FA = {
			isa = PBXGroup;
			children = (
				E4B53DE720F9014900AAD4FA /* My Project */,
				E4B53DFC20F9015200AAD4FA /* My ProjectTests */,
				E4B53E0720F9015200AAD4FA /* My ProjectUITests */,
				E4B53DE620F9014900AAD4FA /* Products */,
				A060492AF754D44CF67F1162 /* Pods */,
				94B35487433D20696E5F1219 /* Frameworks */,
			);
			sourceTree = "<group>";
		};
		E4B53DE620F9014900AAD4FA /* Products */ = {
			isa = PBXGroup;
			children = (
				E4B53DE520F9014900AAD4FA /* My Project.app */,
				E4B53DF920F9015200AAD4FA /* My ProjectTests.xctest */,
				E4B53E0420F9015200AAD4FA /* My ProjectUITests.xctest */,
			);
			name = Products;
			sourceTree = "<group>";
		};
		E4B53DE720F9014900AAD4FA /* My Project */ = {
			isa = PBXGroup;
			children = (
				E4B53E1920F9059D00AAD4FA /* Models */,
				E4B53E1620F9056200AAD4FA /* Utils */,
				E4B53DE820F9014900AAD4FA /* AppDelegate.swift */,
				E4B53E2620FAA3F900AAD4FA /* MainTabBarController.swift */,
				E4F01C5820FAAE2400A087D9 /* UserProfileController.swift */,
				E4B53DEA20F9014900AAD4FA /* ViewController.swift */,
				E4B53DEC20F9014900AAD4FA /* Main.storyboard */,
				E4B53DEF20F9015200AAD4FA /* Assets.xcassets */,
				E4B53DF120F9015200AAD4FA /* LaunchScreen.storyboard */,
				E4B53DF420F9015200AAD4FA /* Info.plist */,
				E4B53E2420FA9F0400AAD4FA /* GoogleService-Info.plist */,
			);
			path = "My Project";
			sourceTree = "<group>";
		};
		E4B53DFC20F9015200AAD4FA /* My ProjectTests */ = {
			isa = PBXGroup;
			children = (
				E4B53DFD20F9015200AAD4FA /* My_ProjectTests.swift */,
				E4B53DFF20F9015200AAD4FA /* Info.plist */,
			);
			path = "My ProjectTests";
			sourceTree = "<group>";
		};
		E4B53E0720F9015200AAD4FA /* My ProjectUITests */ = {
			isa = PBXGroup;
			children = (
				E4B53E0820F9015200AAD4FA /* My_ProjectUITests.swift */,
				E4B53E0A20F9015200AAD4FA /* Info.plist */,
			);
			path = "My ProjectUITests";
			sourceTree = "<group>";
		};
		E4B53E1620F9056200AAD4FA /* Utils */ = {
			isa = PBXGroup;
			children = (
				E4B53E1720F9059600AAD4FA /* Extensions.swift */,
				E4B53E1A20F905B800AAD4FA /* FireService.swift */,
				E4B53E1C20F905D400AAD4FA /* FireCollectionReference.swift */,
			);
			path = Utils;
			sourceTree = "<group>";
		};
		E4B53E1920F9059D00AAD4FA /* Models */ = {
			isa = PBXGroup;
			children = (
				E4B53E1E20F90DC600AAD4FA /* User.swift */,
			);
			path = Models;
			sourceTree = "<group>";
		};
/* End PBXGroup section */

/* Begin PBXNativeTarget section */
		E4B53DE420F9014900AAD4FA /* My Project */ = {
			isa = PBXNativeTarget;
			buildConfigurationList = E4B53E0D20F9015200AAD4FA /* Build configuration list for PBXNativeTarget "My Project" */;
			buildPhases = (
				05C8A251079D8154B9AA9BFF /* [CP] Check Pods Manifest.lock */,
				E4B53DE120F9014900AAD4FA /* Sources */,
				E4B53DE220F9014900AAD4FA /* Frameworks */,
				E4B53DE320F9014900AAD4FA /* Resources */,
				89712A37B5416D9748AD4EE8 /* [CP] Embed Pods Frameworks */,
			);
			buildRules = (
			);
			dependencies = (
			);
			name = "My Project";
			productName = "My Project";
			productReference = E4B53DE520F9014900AAD4FA /* My Project.app */;
			productType = "com.apple.product-type.application";
		};
		E4B53DF820F9015200AAD4FA /* My ProjectTests */ = {
			isa = PBXNativeTarget;
			buildConfigurationList = E4B53E1020F9015200AAD4FA /* Build configuration list for PBXNativeTarget "My ProjectTests" */;
			buildPhases = (
				BABC7E2AA5B09FC24DD42671 /* [CP] Check Pods Manifest.lock */,
				E4B53DF520F9015200AAD4FA /* Sources */,
				E4B53DF620F9015200AAD4FA /* Frameworks */,
				E4B53DF720F9015200AAD4FA /* Resources */,
			);
			buildRules = (
			);
			dependencies = (
				E4B53DFB20F9015200AAD4FA /* PBXTargetDependency */,
			);
			name = "My ProjectTests";
			productName = "My ProjectTests";
			productReference = E4B53DF920F9015200AAD4FA /* My ProjectTests.xctest */;
			productType = "com.apple.product-type.bundle.unit-test";
		};
		E4B53E0320F9015200AAD4FA /* My ProjectUITests */ = {
			isa = PBXNativeTarget;
			buildConfigurationList = E4B53E1320F9015200AAD4FA /* Build configuration list for PBXNativeTarget "My ProjectUITests" */;
			buildPhases = (
				B1DF2259EC46FB8C9146A1A6 /* [CP] Check Pods Manifest.lock */,
				E4B53E0020F9015200AAD4FA /* Sources */,
				E4B53E0120F9015200AAD4FA /* Frameworks */,
				E4B53E0220F9015200AAD4FA /* Resources */,
			);
			buildRules = (
			);
			dependencies = (
				E4B53E0620F9015200AAD4FA /* PBXTargetDependency */,
			);
			name = "My ProjectUITests";
			productName = "My ProjectUITests";
			productReference = E4B53E0420F9015200AAD4FA /* My ProjectUITests.xctest */;
			productType = "com.apple.product-type.bundle.ui-testing";
		};
/* End PBXNativeTarget section */

/* Begin PBXProject section */
		E4B53DDD20F9014900AAD4FA /* Project object */ = {
			isa = PBXProject;
			attributes = {
				LastSwiftUpdateCheck = 0940;
				LastUpgradeCheck = 0940;
				ORGANIZATIONNAME = "Marc Boanas";
				TargetAttributes = {
					E4B53DE420F9014900AAD4FA = {
						CreatedOnToolsVersion = 9.4.1;
					};
					E4B53DF820F9015200AAD4FA = {
						CreatedOnToolsVersion = 9.4.1;
						TestTargetID = E4B53DE420F9014900AAD4FA;
					};
					E4B53E0320F9015200AAD4FA = {
						CreatedOnToolsVersion = 9.4.1;
						TestTargetID = E4B53DE420F9014900AAD4FA;
					};
				};
			};
			buildConfigurationList = E4B53DE020F9014900AAD4FA /* Build configuration list for PBXProject "My Project" */;
			compatibilityVersion = "Xcode 9.3";
			developmentRegion = en;
			hasScannedForEncodings = 0;
			knownRegions = (
				en,
				Base,
			);
			mainGroup = E4B53DDC20F9014900AAD4FA;
			productRefGroup = E4B53DE620F9014900AAD4FA /* Products */;
			projectDirPath = "";
			projectRoot = "";
			targets = (
				E4B53DE420F9014900AAD4FA /* My Project */,
				E4B53DF820F9015200AAD4FA /* My ProjectTests */,
				E4B53E0320F9015200AAD4FA /* My ProjectUITests */,
			);
		};
/* End PBXProject section */

/* Begin PBXResourcesBuildPhase section */
		E4B53DE320F9014900AAD4FA /* Resources */ = {
			isa = PBXResourcesBuildPhase;
			buildActionMask = 2147483647;
			files = (
				E4B53E2520FA9F0400AAD4FA /* GoogleService-Info.plist in Resources */,
				E4B53DF320F9015200AAD4FA /* LaunchScreen.storyboard in Resources */,
				E4B53DF020F9015200AAD4FA /* Assets.xcassets in Resources */,
				E4B53DEE20F9014900AAD4FA /* Main.storyboard in Resources */,
			);
			runOnlyForDeploymentPostprocessing = 0;
		};
		E4B53DF720F9015200AAD4FA /* Resources */ = {
			isa = PBXResourcesBuildPhase;
			buildActionMask = 2147483647;
			files = (
			);
			runOnlyForDeploymentPostprocessing = 0;
		};
		E4B53E0220F9015200AAD4FA /* Resources */ = {
			isa = PBXResourcesBuildPhase;
			buildActionMask = 2147483647;
			files = (
			);
			runOnlyForDeploymentPostprocessing = 0;
		};
/* End PBXResourcesBuildPhase section */

/* Begin PBXShellScriptBuildPhase section */
		05C8A251079D8154B9AA9BFF /* [CP] Check Pods Manifest.lock */ = {
			isa = PBXShellScriptBuildPhase;
			buildActionMask = 2147483647;
			files = (
			);
			inputPaths = (
				"${PODS_PODFILE_DIR_PATH}/Podfile.lock",
				"${PODS_ROOT}/Manifest.lock",
			);
			name = "[CP] Check Pods Manifest.lock";
			outputPaths = (
				"$(DERIVED_FILE_DIR)/Pods-My Project-checkManifestLockResult.txt",
			);
			runOnlyForDeploymentPostprocessing = 0;
			shellPath = /bin/sh;
			shellScript = "diff \"${PODS_PODFILE_DIR_PATH}/Podfile.lock\" \"${PODS_ROOT}/Manifest.lock\" > /dev/null\nif [ $? != 0 ] ; then\n    # print error to STDERR\n    echo \"error: The sandbox is not in sync with the Podfile.lock. Run 'pod install' or update your CocoaPods installation.\" >&2\n    exit 1\nfi\n# This output is used by Xcode 'outputs' to avoid re-running this script phase.\necho \"SUCCESS\" > \"${SCRIPT_OUTPUT_FILE_0}\"\n";
			showEnvVarsInLog = 0;
		};
		89712A37B5416D9748AD4EE8 /* [CP] Embed Pods Frameworks */ = {
			isa = PBXShellScriptBuildPhase;
			buildActionMask = 2147483647;
			files = (
			);
			inputPaths = (
				"${SRCROOT}/Pods/Target Support Files/Pods-My Project/Pods-My Project-frameworks.sh",
				"${BUILT_PRODUCTS_DIR}/BoringSSL/openssl.framework",
				"${BUILT_PRODUCTS_DIR}/GTMSessionFetcher/GTMSessionFetcher.framework",
				"${BUILT_PRODUCTS_DIR}/GoogleToolboxForMac/GoogleToolboxForMac.framework",
				"${BUILT_PRODUCTS_DIR}/Protobuf/Protobuf.framework",
				"${BUILT_PRODUCTS_DIR}/gRPC/GRPCClient.framework",
				"${BUILT_PRODUCTS_DIR}/gRPC-Core/grpc.framework",
				"${BUILT_PRODUCTS_DIR}/gRPC-ProtoRPC/ProtoRPC.framework",
				"${BUILT_PRODUCTS_DIR}/gRPC-RxLibrary/RxLibrary.framework",
				"${BUILT_PRODUCTS_DIR}/leveldb-library/leveldb.framework",
				"${BUILT_PRODUCTS_DIR}/nanopb/nanopb.framework",
			);
			name = "[CP] Embed Pods Frameworks";
			outputPaths = (
				"${TARGET_BUILD_DIR}/${FRAMEWORKS_FOLDER_PATH}/openssl.framework",
				"${TARGET_BUILD_DIR}/${FRAMEWORKS_FOLDER_PATH}/GTMSessionFetcher.framework",
				"${TARGET_BUILD_DIR}/${FRAMEWORKS_FOLDER_PATH}/GoogleToolboxForMac.framework",
				"${TARGET_BUILD_DIR}/${FRAMEWORKS_FOLDER_PATH}/Protobuf.framework",
				"${TARGET_BUILD_DIR}/${FRAMEWORKS_FOLDER_PATH}/GRPCClient.framework",
				"${TARGET_BUILD_DIR}/${FRAMEWORKS_FOLDER_PATH}/grpc.framework",
				"${TARGET_BUILD_DIR}/${FRAMEWORKS_FOLDER_PATH}/ProtoRPC.framework",
				"${TARGET_BUILD_DIR}/${FRAMEWORKS_FOLDER_PATH}/RxLibrary.framework",
				"${TARGET_BUILD_DIR}/${FRAMEWORKS_FOLDER_PATH}/leveldb.framework",
				"${TARGET_BUILD_DIR}/${FRAMEWORKS_FOLDER_PATH}/nanopb.framework",
			);
			runOnlyForDeploymentPostprocessing = 0;
			shellPath = /bin/sh;
			shellScript = "\"${SRCROOT}/Pods/Target Support Files/Pods-My Project/Pods-My Project-frameworks.sh\"\n";
			showEnvVarsInLog = 0;
		};
		B1DF2259EC46FB8C9146A1A6 /* [CP] Check Pods Manifest.lock */ = {
			isa = PBXShellScriptBuildPhase;
			buildActionMask = 2147483647;
			files = (
			);
			inputPaths = (
				"${PODS_PODFILE_DIR_PATH}/Podfile.lock",
				"${PODS_ROOT}/Manifest.lock",
			);
			name = "[CP] Check Pods Manifest.lock";
			outputPaths = (
				"$(DERIVED_FILE_DIR)/Pods-My ProjectUITests-checkManifestLockResult.txt",
			);
			runOnlyForDeploymentPostprocessing = 0;
			shellPath = /bin/sh;
			shellScript = "diff \"${PODS_PODFILE_DIR_PATH}/Podfile.lock\" \"${PODS_ROOT}/Manifest.lock\" > /dev/null\nif [ $? != 0 ] ; then\n    # print error to STDERR\n    echo \"error: The sandbox is not in sync with the Podfile.lock. Run 'pod install' or update your CocoaPods installation.\" >&2\n    exit 1\nfi\n# This output is used by Xcode 'outputs' to avoid re-running this script phase.\necho \"SUCCESS\" > \"${SCRIPT_OUTPUT_FILE_0}\"\n";
			showEnvVarsInLog = 0;
		};
		BABC7E2AA5B09FC24DD42671 /* [CP] Check Pods Manifest.lock */ = {
			isa = PBXShellScriptBuildPhase;
			buildActionMask = 2147483647;
			files = (
			);
			inputPaths = (
				"${PODS_PODFILE_DIR_PATH}/Podfile.lock",
				"${PODS_ROOT}/Manifest.lock",
			);
			name = "[CP] Check Pods Manifest.lock";
			outputPaths = (
				"$(DERIVED_FILE_DIR)/Pods-My ProjectTests-checkManifestLockResult.txt",
			);
			runOnlyForDeploymentPostprocessing = 0;
			shellPath = /bin/sh;
			shellScript = "diff \"${PODS_PODFILE_DIR_PATH}/Podfile.lock\" \"${PODS_ROOT}/Manifest.lock\" > /dev/null\nif [ $? != 0 ] ; then\n    # print error to STDERR\n    echo \"error: The sandbox is not in sync with the Podfile.lock. Run 'pod install' or update your CocoaPods installation.\" >&2\n    exit 1\nfi\n# This output is used by Xcode 'outputs' to avoid re-running this script phase.\necho \"SUCCESS\" > \"${SCRIPT_OUTPUT_FILE_0}\"\n";
			showEnvVarsInLog = 0;
		};
/* End PBXShellScriptBuildPhase section */

/* Begin PBXSourcesBuildPhase section */
		E4B53DE120F9014900AAD4FA /* Sources */ = {
			isa = PBXSourcesBuildPhase;
			buildActionMask = 2147483647;
			files = (
				E4B53DEB20F9014900AAD4FA /* ViewController.swift in Sources */,
				E4B53E1820F9059600AAD4FA /* Extensions.swift in Sources */,
				E4F01C5920FAAE2500A087D9 /* UserProfileController.swift in Sources */,
				E4B53E1F20F90DC600AAD4FA /* User.swift in Sources */,
				E4B53E2720FAA3FA00AAD4FA /* MainTabBarController.swift in Sources */,
				E4B53DE920F9014900AAD4FA /* AppDelegate.swift in Sources */,
				E4B53E1B20F905B800AAD4FA /* FireService.swift in Sources */,
				E4B53E1D20F905D400AAD4FA /* FireCollectionReference.swift in Sources */,
			);
			runOnlyForDeploymentPostprocessing = 0;
		};
		E4B53DF520F9015200AAD4FA /* Sources */ = {
			isa = PBXSourcesBuildPhase;
			buildActionMask = 2147483647;
			files = (
				E4B53DFE20F9015200AAD4FA /* My_ProjectTests.swift in Sources */,
			);
			runOnlyForDeploymentPostprocessing = 0;
		};
		E4B53E0020F9015200AAD4FA /* Sources */ = {
			isa = PBXSourcesBuildPhase;
			buildActionMask = 2147483647;
			files = (
				E4B53E0920F9015200AAD4FA /* My_ProjectUITests.swift in Sources */,
			);
			runOnlyForDeploymentPostprocessing = 0;
		};
/* End PBXSourcesBuildPhase section */

/* Begin PBXTargetDependency section */
		E4B53DFB20F9015200AAD4FA /* PBXTargetDependency */ = {
			isa = PBXTargetDependency;
			target = E4B53DE420F9014900AAD4FA /* My Project */;
			targetProxy = E4B53DFA20F9015200AAD4FA /* PBXContainerItemProxy */;
		};
		E4B53E0620F9015200AAD4FA /* PBXTargetDependency */ = {
			isa = PBXTargetDependency;
			target = E4B53DE420F9014900AAD4FA /* My Project */;
			targetProxy = E4B53E0520F9015200AAD4FA /* PBXContainerItemProxy */;
		};
/* End PBXTargetDependency section */

/* Begin PBXVariantGroup section */
		E4B53DEC20F9014900AAD4FA /* Main.storyboard */ = {
			isa = PBXVariantGroup;
			children = (
				E4B53DED20F9014900AAD4FA /* Base */,
			);
			name = Main.storyboard;
			sourceTree = "<group>";
		};
		E4B53DF120F9015200AAD4FA /* LaunchScreen.storyboard */ = {
			isa = PBXVariantGroup;
			children = (
				E4B53DF220F9015200AAD4FA /* Base */,
			);
			name = LaunchScreen.storyboard;
			sourceTree = "<group>";
		};
/* End PBXVariantGroup section */

/* Begin XCBuildConfiguration section */
		E4B53E0B20F9015200AAD4FA /* Debug */ = {
			isa = XCBuildConfiguration;
			buildSettings = {
				ALWAYS_SEARCH_USER_PATHS = NO;
				CLANG_ANALYZER_NONNULL = YES;
				CLANG_ANALYZER_NUMBER_OBJECT_CONVERSION = YES_AGGRESSIVE;
				CLANG_CXX_LANGUAGE_STANDARD = "gnu++14";
				CLANG_CXX_LIBRARY = "libc++";
				CLANG_ENABLE_MODULES = YES;
				CLANG_ENABLE_OBJC_ARC = YES;
				CLANG_ENABLE_OBJC_WEAK = YES;
				CLANG_WARN_BLOCK_CAPTURE_AUTORELEASING = YES;
				CLANG_WARN_BOOL_CONVERSION = YES;
				CLANG_WARN_COMMA = YES;
				CLANG_WARN_CONSTANT_CONVERSION = YES;
				CLANG_WARN_DEPRECATED_OBJC_IMPLEMENTATIONS = YES;
				CLANG_WARN_DIRECT_OBJC_ISA_USAGE = YES_ERROR;
				CLANG_WARN_DOCUMENTATION_COMMENTS = YES;
				CLANG_WARN_EMPTY_BODY = YES;
				CLANG_WARN_ENUM_CONVERSION = YES;
				CLANG_WARN_INFINITE_RECURSION = YES;
				CLANG_WARN_INT_CONVERSION = YES;
				CLANG_WARN_NON_LITERAL_NULL_CONVERSION = YES;
				CLANG_WARN_OBJC_IMPLICIT_RETAIN_SELF = YES;
				CLANG_WARN_OBJC_LITERAL_CONVERSION = YES;
				CLANG_WARN_OBJC_ROOT_CLASS = YES_ERROR;
				CLANG_WARN_RANGE_LOOP_ANALYSIS = YES;
				CLANG_WARN_STRICT_PROTOTYPES = YES;
				CLANG_WARN_SUSPICIOUS_MOVE = YES;
				CLANG_WARN_UNGUARDED_AVAILABILITY = YES_AGGRESSIVE;
				CLANG_WARN_UNREACHABLE_CODE = YES;
				CLANG_WARN__DUPLICATE_METHOD_MATCH = YES;
				CODE_SIGN_IDENTITY = "iPhone Developer";
				COPY_PHASE_STRIP = NO;
				DEBUG_INFORMATION_FORMAT = dwarf;
				ENABLE_STRICT_OBJC_MSGSEND = YES;
				ENABLE_TESTABILITY = YES;
				GCC_C_LANGUAGE_STANDARD = gnu11;
				GCC_DYNAMIC_NO_PIC = NO;
				GCC_NO_COMMON_BLOCKS = YES;
				GCC_OPTIMIZATION_LEVEL = 0;
				GCC_PREPROCESSOR_DEFINITIONS = (
					"DEBUG=1",
					"$(inherited)",
				);
				GCC_WARN_64_TO_32_BIT_CONVERSION = YES;
				GCC_WARN_ABOUT_RETURN_TYPE = YES_ERROR;
				GCC_WARN_UNDECLARED_SELECTOR = YES;
				GCC_WARN_UNINITIALIZED_AUTOS = YES_AGGRESSIVE;
				GCC_WARN_UNUSED_FUNCTION = YES;
				GCC_WARN_UNUSED_VARIABLE = YES;
				IPHONEOS_DEPLOYMENT_TARGET = 11.4;
				MTL_ENABLE_DEBUG_INFO = YES;
				ONLY_ACTIVE_ARCH = YES;
				SDKROOT = iphoneos;
				SWIFT_ACTIVE_COMPILATION_CONDITIONS = DEBUG;
				SWIFT_OPTIMIZATION_LEVEL = "-Onone";
			};
			name = Debug;
		};
		E4B53E0C20F9015200AAD4FA /* Release */ = {
			isa = XCBuildConfiguration;
			buildSettings = {
				ALWAYS_SEARCH_USER_PATHS = NO;
				CLANG_ANALYZER_NONNULL = YES;
				CLANG_ANALYZER_NUMBER_OBJECT_CONVERSION = YES_AGGRESSIVE;
				CLANG_CXX_LANGUAGE_STANDARD = "gnu++14";
				CLANG_CXX_LIBRARY = "libc++";
				CLANG_ENABLE_MODULES = YES;
				CLANG_ENABLE_OBJC_ARC = YES;
				CLANG_ENABLE_OBJC_WEAK = YES;
				CLANG_WARN_BLOCK_CAPTURE_AUTORELEASING = YES;
				CLANG_WARN_BOOL_CONVERSION = YES;
				CLANG_WARN_COMMA = YES;
				CLANG_WARN_CONSTANT_CONVERSION = YES;
				CLANG_WARN_DEPRECATED_OBJC_IMPLEMENTATIONS = YES;
				CLANG_WARN_DIRECT_OBJC_ISA_USAGE = YES_ERROR;
				CLANG_WARN_DOCUMENTATION_COMMENTS = YES;
				CLANG_WARN_EMPTY_BODY = YES;
				CLANG_WARN_ENUM_CONVERSION = YES;
				CLANG_WARN_INFINITE_RECURSION = YES;
				CLANG_WARN_INT_CONVERSION = YES;
				CLANG_WARN_NON_LITERAL_NULL_CONVERSION = YES;
				CLANG_WARN_OBJC_IMPLICIT_RETAIN_SELF = YES;
				CLANG_WARN_OBJC_LITERAL_CONVERSION = YES;
				CLANG_WARN_OBJC_ROOT_CLASS = YES_ERROR;
				CLANG_WARN_RANGE_LOOP_ANALYSIS = YES;
				CLANG_WARN_STRICT_PROTOTYPES = YES;
				CLANG_WARN_SUSPICIOUS_MOVE = YES;
				CLANG_WARN_UNGUARDED_AVAILABILITY = YES_AGGRESSIVE;
				CLANG_WARN_UNREACHABLE_CODE = YES;
				CLANG_WARN__DUPLICATE_METHOD_MATCH = YES;
				CODE_SIGN_IDENTITY = "iPhone Developer";
				COPY_PHASE_STRIP = NO;
				DEBUG_INFORMATION_FORMAT = "dwarf-with-dsym";
				ENABLE_NS_ASSERTIONS = NO;
				ENABLE_STRICT_OBJC_MSGSEND = YES;
				GCC_C_LANGUAGE_STANDARD = gnu11;
				GCC_NO_COMMON_BLOCKS = YES;
				GCC_WARN_64_TO_32_BIT_CONVERSION = YES;
				GCC_WARN_ABOUT_RETURN_TYPE = YES_ERROR;
				GCC_WARN_UNDECLARED_SELECTOR = YES;
				GCC_WARN_UNINITIALIZED_AUTOS = YES_AGGRESSIVE;
				GCC_WARN_UNUSED_FUNCTION = YES;
				GCC_WARN_UNUSED_VARIABLE = YES;
				IPHONEOS_DEPLOYMENT_TARGET = 11.4;
				MTL_ENABLE_DEBUG_INFO = NO;
				SDKROOT = iphoneos;
				SWIFT_COMPILATION_MODE = wholemodule;
				SWIFT_OPTIMIZATION_LEVEL = "-O";
				VALIDATE_PRODUCT = YES;
			};
			name = Release;
		};
		E4B53E0E20F9015200AAD4FA /* Debug */ = {
			isa = XCBuildConfiguration;
			baseConfigurationReference = B07F457DBB2454687AAEA557 /* Pods-My Project.debug.xcconfig */;
			buildSettings = {
				ASSETCATALOG_COMPILER_APPICON_NAME = AppIcon;
				CODE_SIGN_STYLE = Automatic;
				DEVELOPMENT_TEAM = KC3W5NG592;
				INFOPLIST_FILE = "My Project/Info.plist";
				LD_RUNPATH_SEARCH_PATHS = (
					"$(inherited)",
					"@executable_path/Frameworks",
				);
				PRODUCT_BUNDLE_IDENTIFIER = "Boanas.Marc.My-Project";
				PRODUCT_NAME = "$(TARGET_NAME)";
				SWIFT_VERSION = 4.0;
				TARGETED_DEVICE_FAMILY = "1,2";
			};
			name = Debug;
		};
		E4B53E0F20F9015200AAD4FA /* Release */ = {
			isa = XCBuildConfiguration;
			baseConfigurationReference = 954E7F4AB4CDC0DBAC17D8F4 /* Pods-My Project.release.xcconfig */;
			buildSettings = {
				ASSETCATALOG_COMPILER_APPICON_NAME = AppIcon;
				CODE_SIGN_STYLE = Automatic;
				DEVELOPMENT_TEAM = KC3W5NG592;
				INFOPLIST_FILE = "My Project/Info.plist";
				LD_RUNPATH_SEARCH_PATHS = (
					"$(inherited)",
					"@executable_path/Frameworks",
				);
				PRODUCT_BUNDLE_IDENTIFIER = "Boanas.Marc.My-Project";
				PRODUCT_NAME = "$(TARGET_NAME)";
				SWIFT_VERSION = 4.0;
				TARGETED_DEVICE_FAMILY = "1,2";
			};
			name = Release;
		};
		E4B53E1120F9015200AAD4FA /* Debug */ = {
			isa = XCBuildConfiguration;
			baseConfigurationReference = 62301ABD708E89E72A85A74D /* Pods-My ProjectTests.debug.xcconfig */;
			buildSettings = {
				ALWAYS_EMBED_SWIFT_STANDARD_LIBRARIES = YES;
				BUNDLE_LOADER = "$(TEST_HOST)";
				CODE_SIGN_STYLE = Automatic;
				DEVELOPMENT_TEAM = KC3W5NG592;
				INFOPLIST_FILE = "My ProjectTests/Info.plist";
				LD_RUNPATH_SEARCH_PATHS = (
					"$(inherited)",
					"@executable_path/Frameworks",
					"@loader_path/Frameworks",
				);
				PRODUCT_BUNDLE_IDENTIFIER = "Boanas.Marc.My-ProjectTests";
				PRODUCT_NAME = "$(TARGET_NAME)";
				SWIFT_VERSION = 4.0;
				TARGETED_DEVICE_FAMILY = "1,2";
				TEST_HOST = "$(BUILT_PRODUCTS_DIR)/My Project.app/My Project";
			};
			name = Debug;
		};
		E4B53E1220F9015200AAD4FA /* Release */ = {
			isa = XCBuildConfiguration;
			baseConfigurationReference = BCDEF80DECA51F48841E4CD2 /* Pods-My ProjectTests.release.xcconfig */;
			buildSettings = {
				ALWAYS_EMBED_SWIFT_STANDARD_LIBRARIES = YES;
				BUNDLE_LOADER = "$(TEST_HOST)";
				CODE_SIGN_STYLE = Automatic;
				DEVELOPMENT_TEAM = KC3W5NG592;
				INFOPLIST_FILE = "My ProjectTests/Info.plist";
				LD_RUNPATH_SEARCH_PATHS = (
					"$(inherited)",
					"@executable_path/Frameworks",
					"@loader_path/Frameworks",
				);
				PRODUCT_BUNDLE_IDENTIFIER = "Boanas.Marc.My-ProjectTests";
				PRODUCT_NAME = "$(TARGET_NAME)";
				SWIFT_VERSION = 4.0;
				TARGETED_DEVICE_FAMILY = "1,2";
				TEST_HOST = "$(BUILT_PRODUCTS_DIR)/My Project.app/My Project";
			};
			name = Release;
		};
		E4B53E1420F9015200AAD4FA /* Debug */ = {
			isa = XCBuildConfiguration;
			baseConfigurationReference = 30B844280C41D96BC40AFE77 /* Pods-My ProjectUITests.debug.xcconfig */;
			buildSettings = {
				ALWAYS_EMBED_SWIFT_STANDARD_LIBRARIES = YES;
				CODE_SIGN_STYLE = Automatic;
				DEVELOPMENT_TEAM = KC3W5NG592;
				INFOPLIST_FILE = "My ProjectUITests/Info.plist";
				LD_RUNPATH_SEARCH_PATHS = (
					"$(inherited)",
					"@executable_path/Frameworks",
					"@loader_path/Frameworks",
				);
				PRODUCT_BUNDLE_IDENTIFIER = "Boanas.Marc.My-ProjectUITests";
				PRODUCT_NAME = "$(TARGET_NAME)";
				SWIFT_VERSION = 4.0;
				TARGETED_DEVICE_FAMILY = "1,2";
				TEST_TARGET_NAME = "My Project";
			};
			name = Debug;
		};
		E4B53E1520F9015200AAD4FA /* Release */ = {
			isa = XCBuildConfiguration;
			baseConfigurationReference = 993EDA69CF3BC1F4903E1A72 /* Pods-My ProjectUITests.release.xcconfig */;
			buildSettings = {
				ALWAYS_EMBED_SWIFT_STANDARD_LIBRARIES = YES;
				CODE_SIGN_STYLE = Automatic;
				DEVELOPMENT_TEAM = KC3W5NG592;
				INFOPLIST_FILE = "My ProjectUITests/Info.plist";
				LD_RUNPATH_SEARCH_PATHS = (
					"$(inherited)",
					"@executable_path/Frameworks",
					"@loader_path/Frameworks",
				);
				PRODUCT_BUNDLE_IDENTIFIER = "Boanas.Marc.My-ProjectUITests";
				PRODUCT_NAME = "$(TARGET_NAME)";
				SWIFT_VERSION = 4.0;
				TARGETED_DEVICE_FAMILY = "1,2";
				TEST_TARGET_NAME = "My Project";
			};
			name = Release;
		};
/* End XCBuildConfiguration section */

/* Begin XCConfigurationList section */
		E4B53DE020F9014900AAD4FA /* Build configuration list for PBXProject "My Project" */ = {
			isa = XCConfigurationList;
			buildConfigurations = (
				E4B53E0B20F9015200AAD4FA /* Debug */,
				E4B53E0C20F9015200AAD4FA /* Release */,
			);
			defaultConfigurationIsVisible = 0;
			defaultConfigurationName = Release;
		};
		E4B53E0D20F9015200AAD4FA /* Build configuration list for PBXNativeTarget "My Project" */ = {
			isa = XCConfigurationList;
			buildConfigurations = (
				E4B53E0E20F9015200AAD4FA /* Debug */,
				E4B53E0F20F9015200AAD4FA /* Release */,
			);
			defaultConfigurationIsVisible = 0;
			defaultConfigurationName = Release;
		};
		E4B53E1020F9015200AAD4FA /* Build configuration list for PBXNativeTarget "My ProjectTests" */ = {
			isa = XCConfigurationList;
			buildConfigurations = (
				E4B53E1120F9015200AAD4FA /* Debug */,
				E4B53E1220F9015200AAD4FA /* Release */,
			);
			defaultConfigurationIsVisible = 0;
			defaultConfigurationName = Release;
		};
		E4B53E1320F9015200AAD4FA /* Build configuration list for PBXNativeTarget "My ProjectUITests" */ = {
			isa = XCConfigurationList;
			buildConfigurations = (
				E4B53E1420F9015200AAD4FA /* Debug */,
				E4B53E1520F9015200AAD4FA /* Release */,
			);
			defaultConfigurationIsVisible = 0;
			defaultConfigurationName = Release;
		};
/* End XCConfigurationList section */
	};
	rootObject = E4B53DDD20F9014900AAD4FA /* Project object */;
}
